{
  "name": "frontend",
  "lockfileVersion": 3,
  "requires": true,
  "packages": {
    "": {
      "dependencies": {
        "@capacitor-community/camera-preview": "^8.0.1"
      }
    },
    "node_modules/@capacitor-community/camera-preview": {
      "version": "8.0.1",
      "resolved": "https://registry.npmjs.org/@capacitor-community/camera-preview/-/camera-preview-8.0.1.tgz",
      "integrity": "sha512-pEBB+FKXoISMiorn9nKvyd9DPkalopckYxKlHuRBhC6cBLOxgLPnjj9nQO9TYOnWI5nuh973QRZtgN4sOe5Pyw==",
      "license": "MIT",
      "engines": {
        "node": ">=18.0.0",
        "npm": ">=9.0.0"
      },
      "peerDependencies": {
        "@capacitor/core": ">=8.0.2"
      }
    },
    "node_modules/@capacitor/core": {
      "version": "8.3.4",
      "resolved": "https://registry.npmjs.org/@capacitor/core/-/core-8.3.4.tgz",
      "integrity": "sha512-CqRQCkb6HXxcx/N7s+hHTN6ef2CmamFiRMITwm4qB840ph56mS42bzUgn6tKCP+RZjdDweiRHj9ytDDeN6jFag==",
      "license": "MIT",
      "peer": true,
      "dependencies": {
        "tslib": "^2.1.0"
      }
    },
    "node_modules/tslib": {
      "version": "2.8.1",
      "resolved": "https://registry.npmjs.org/tslib/-/tslib-2.8.1.tgz",
      "integrity": "sha512-oJFu94HQb+KVduSUQL7wnpmqnfmLsOA/nAh6b6EH0wCEoK0/mPeXU6c3wKDV83MkOuHPRHtSXKKU99IBazS/2w==",
      "license": "0BSD",
      "peer": true
    }
  }
}
